
Microsoft Visual Studio Solution File, Format Version 12.00
# Visual Studio Version 16
VisualStudioVersion = 25.0.1705.1
MinimumVisualStudioVersion = 10.0.40219.1
Project("{2150E333-8FDC-42A3-9474-1A3956D46DE8}") = "Core", "Core", "{446B4736-D7BC-4B28-9B39-1722040CD9EA}"
EndProject
Project("{FAE04EC0-301F-11D3-BF4B-00C04F79EFBC}") = "Solution1.Domain", "Solution1.Domain\Solution1.Domain.csproj", "{BBF0478D-70AC-41E9-B25C-DBC43104454B}"
EndProject
Project("{FAE04EC0-301F-11D3-BF4B-00C04F79EFBC}") = "Solution1.Application", "Solution1.Application\Solution1.Application.csproj", "{9F2CFAE4-7602-4ACF-8695-90C3B2BA717B}"
EndProject
Global
	GlobalSection(SolutionConfigurationPlatforms) = preSolution
		Debug|Any CPU = Debug|Any CPU
		Release|Any CPU = Release|Any CPU
	EndGlobalSection
	GlobalSection(ProjectConfigurationPlatforms) = postSolution
		{BBF0478D-70AC-41E9-B25C-DBC43104454B}.Debug|Any CPU.ActiveCfg = Debug|Any CPU
		{BBF0478D-70AC-41E9-B25C-DBC43104454B}.Debug|Any CPU.Build.0 = Debug|Any CPU
		{BBF0478D-70AC-41E9-B25C-DBC43104454B}.Release|Any CPU.ActiveCfg = Release|Any CPU
		{BBF0478D-70AC-41E9-B25C-DBC43104454B}.Release|Any CPU.Build.0 = Release|Any CPU
		{9F2CFAE4-7602-4ACF-8695-90C3B2BA717B}.Debug|Any CPU.ActiveCfg = Debug|Any CPU
		{9F2CFAE4-7602-4ACF-8695-90C3B2BA717B}.Debug|Any CPU.Build.0 = Debug|Any CPU
		{9F2CFAE4-7602-4ACF-8695-90C3B2BA717B}.Release|Any CPU.ActiveCfg = Release|Any CPU
		{9F2CFAE4-7602-4ACF-8695-90C3B2BA717B}.Release|Any CPU.Build.0 = Release|Any CPU
	EndGlobalSection
	GlobalSection(SolutionProperties) = preSolution
		HideSolutionNode = FALSE
	EndGlobalSection
	GlobalSection(ExtensibilityGlobals) = postSolution
		SolutionGuid = {D2D901E6-C155-40CC-B3B4-DEDBB1657183}
	EndGlobalSection
	GlobalSection(NestedProjects) = preSolution
		{BBF0478D-70AC-41E9-B25C-DBC43104454B} = {446B4736-D7BC-4B28-9B39-1722040CD9EA}
		{9F2CFAE4-7602-4ACF-8695-90C3B2BA717B} = {446B4736-D7BC-4B28-9B39-1722040CD9EA}
	EndGlobalSection
EndGlobal
